
Microsoft Visual Studio Solution File, Format Version 12.00
# Visual Studio Version 16
VisualStudioVersion = 16.0.31424.327
MinimumVisualStudioVersion = 10.0.40219.1
Project("{FAE04EC0-301F-11D3-BF4B-00C04F79EFBC}") = "FilmesAPI", "FilmesAPI\FilmesAPI.csproj", "{30D8B2B3-CD99-42CF-9381-6FE1577F69EB}"
EndProject
Global
	GlobalSection(SolutionConfigurationPlatforms) = preSolution
		Debug|Any CPU = Debug|Any CPU
		Release|Any CPU = Release|Any CPU
	EndGlobalSection
	GlobalSection(ProjectConfigurationPlatforms) = postSolution
		{30D8B2B3-CD99-42CF-9381-6FE1577F69EB}.Debug|Any CPU.ActiveCfg = Debug|Any CPU
		{30D8B2B3-CD99-42CF-9381-6FE1577F69EB}.Debug|Any CPU.Build.0 = Debug|Any CPU
		{30D8B2B3-CD99-42CF-9381-6FE1577F69EB}.Release|Any CPU.ActiveCfg = Release|Any CPU
		{30D8B2B3-CD99-42CF-9381-6FE1577F69EB}.Release|Any CPU.Build.0 = Release|Any CPU
	EndGlobalSection
	GlobalSection(SolutionProperties) = preSolution
		HideSolutionNode = FALSE
	EndGlobalSection
	GlobalSection(ExtensibilityGlobals) = postSolution
		SolutionGuid = {DAC56944-8B75-461F-ACCC-578D078A0BBD}
	EndGlobalSection
EndGlobal
